
Microsoft Visual Studio Solution File, Format Version 12.00
# Visual Studio 15
VisualStudioVersion = 15.0.27130.0
MinimumVisualStudioVersion = 10.0.40219.1
Project("{9A19103F-16F7-4668-BE54-9A1E7A4F7556}") = "MFS", "MarineFuellingStation\MFS.csproj", "{914E655D-2093-44C9-A039-033D3D276096}"
EndProject
Project("{FAE04EC0-301F-11D3-BF4B-00C04F79EFBC}") = "打印终端", "打印终端\打印终端.csproj", "{6BF9008A-EC0D-4E8C-BB25-5D0D3FCEF4E0}"
EndProject
Project("{E53339B2-1760-4266-BCC7-CA923CBCF16C}") = "docker-compose", "docker-compose.dcproj", "{DEA23479-62B7-4534-9858-6466822667B0}"
EndProject
Project("{2150E333-8FDC-42A3-9474-1A3956D46DE8}") = "Runtime", "Runtime", "{1C5ED9B3-049D-4A29-A001-17F8F2BD34C0}"
	ProjectSection(SolutionItems) = preProject
		Runtime\vb_vbpowerpacks.exe = Runtime\vb_vbpowerpacks.exe
	EndProjectSection
EndProject
Global
	GlobalSection(SolutionConfigurationPlatforms) = preSolution
		Debug|Any CPU = Debug|Any CPU
		Release|Any CPU = Release|Any CPU
	EndGlobalSection
	GlobalSection(ProjectConfigurationPlatforms) = postSolution
		{914E655D-2093-44C9-A039-033D3D276096}.Debug|Any CPU.ActiveCfg = Debug|Any CPU
		{914E655D-2093-44C9-A039-033D3D276096}.Debug|Any CPU.Build.0 = Debug|Any CPU
		{914E655D-2093-44C9-A039-033D3D276096}.Release|Any CPU.ActiveCfg = Release|Any CPU
		{914E655D-2093-44C9-A039-033D3D276096}.Release|Any CPU.Build.0 = Release|Any CPU
		{6BF9008A-EC0D-4E8C-BB25-5D0D3FCEF4E0}.Debug|Any CPU.ActiveCfg = Debug|Any CPU
		{6BF9008A-EC0D-4E8C-BB25-5D0D3FCEF4E0}.Debug|Any CPU.Build.0 = Debug|Any CPU
		{6BF9008A-EC0D-4E8C-BB25-5D0D3FCEF4E0}.Release|Any CPU.ActiveCfg = Release|Any CPU
		{6BF9008A-EC0D-4E8C-BB25-5D0D3FCEF4E0}.Release|Any CPU.Build.0 = Release|Any CPU
		{DEA23479-62B7-4534-9858-6466822667B0}.Debug|Any CPU.ActiveCfg = Debug|Any CPU
		{DEA23479-62B7-4534-9858-6466822667B0}.Debug|Any CPU.Build.0 = Debug|Any CPU
		{DEA23479-62B7-4534-9858-6466822667B0}.Release|Any CPU.ActiveCfg = Release|Any CPU
		{DEA23479-62B7-4534-9858-6466822667B0}.Release|Any CPU.Build.0 = Release|Any CPU
	EndGlobalSection
	GlobalSection(SolutionProperties) = preSolution
		HideSolutionNode = FALSE
	EndGlobalSection
	GlobalSection(ExtensibilityGlobals) = postSolution
		SolutionGuid = {66B21ACC-B245-47D0-B210-2016A644E4D2}
	EndGlobalSection
EndGlobal
